
Microsoft Visual Studio Solution File, Format Version 12.00
# Visual Studio Version 17
VisualStudioVersion = 17.13.35825.156
MinimumVisualStudioVersion = 10.0.40219.1
Project("{2150E333-8FDC-42A3-9474-1A3956D46DE8}") = "src", "src", "{02EA681E-C7D8-13C7-8484-4AC65E1B71E8}"
EndProject
Project("{2150E333-8FDC-42A3-9474-1A3956D46DE8}") = "cores", "cores", "{CA336764-F725-4AB1-B220-6B3C08DB5AF8}"
EndProject
Project("{2150E333-8FDC-42A3-9474-1A3956D46DE8}") = "project", "project", "{74B8E58F-2B93-428B-ABC5-CC0B9AA0F221}"
EndProject
Project("{FAE04EC0-301F-11D3-BF4B-00C04F79EFBC}") = "ETicaret.Presentation", "src\project\ETicaret.Presentation\ETicaret.Presentation.csproj", "{DD90CEEA-8E90-4506-A621-F040FEA344F3}"
EndProject
Project("{FAE04EC0-301F-11D3-BF4B-00C04F79EFBC}") = "ETicaret.Domain", "src\project\ETicaret.Domain\ETicaret.Domain.csproj", "{0336D63B-C6C5-477C-8D44-E6824B80AB2C}"
EndProject
Project("{FAE04EC0-301F-11D3-BF4B-00C04F79EFBC}") = "ETicaret.Persistence", "src\project\ETicaret.Persistence\ETicaret.Persistence.csproj", "{1B1E521D-DF14-455B-A595-35A88F61F81C}"
EndProject
Project("{FAE04EC0-301F-11D3-BF4B-00C04F79EFBC}") = "ETicaret.Application", "src\project\ETicaret.Application\ETicaret.Application.csproj", "{A8FB52EE-83B3-47A7-AE3B-F5AF9CA2C214}"
EndProject
Project("{FAE04EC0-301F-11D3-BF4B-00C04F79EFBC}") = "Core.Persistence", "src\cores\Core.Persistence\Core.Persistence.csproj", "{661AD83F-00CF-4E8F-AAC6-0B780255DD25}"
EndProject
Project("{FAE04EC0-301F-11D3-BF4B-00C04F79EFBC}") = "Core.CrossCuttingConcerns", "src\cores\Core.CrossCuttingConcerns\Core.CrossCuttingConcerns.csproj", "{B245CED0-2477-4589-9AA3-D3627D8A0412}"
EndProject
Project("{FAE04EC0-301F-11D3-BF4B-00C04F79EFBC}") = "Core.Application", "src\cores\Core.Application\Core.Application.csproj", "{2AA160C8-D11B-4C8F-9493-54A8DFBACFE6}"
EndProject
Project("{FAE04EC0-301F-11D3-BF4B-00C04F79EFBC}") = "Core.Domain", "src\cores\Core.Domain\Core.Domain.csproj", "{25ECDE3F-87A9-2914-C305-DDF1CD1073AA}"
EndProject
Project("{FAE04EC0-301F-11D3-BF4B-00C04F79EFBC}") = "Core.Infrastructure", "src\cores\Core.Infrastructure\Core.Infrastructure.csproj", "{74F2F6CC-B309-4829-AD5B-6230A97A8784}"
EndProject
Global
	GlobalSection(SolutionConfigurationPlatforms) = preSolution
		Debug|Any CPU = Debug|Any CPU
		Release|Any CPU = Release|Any CPU
	EndGlobalSection
	GlobalSection(ProjectConfigurationPlatforms) = postSolution
		{DD90CEEA-8E90-4506-A621-F040FEA344F3}.Debug|Any CPU.ActiveCfg = Debug|Any CPU
		{DD90CEEA-8E90-4506-A621-F040FEA344F3}.Debug|Any CPU.Build.0 = Debug|Any CPU
		{DD90CEEA-8E90-4506-A621-F040FEA344F3}.Release|Any CPU.ActiveCfg = Release|Any CPU
		{DD90CEEA-8E90-4506-A621-F040FEA344F3}.Release|Any CPU.Build.0 = Release|Any CPU
		{0336D63B-C6C5-477C-8D44-E6824B80AB2C}.Debug|Any CPU.ActiveCfg = Debug|Any CPU
		{0336D63B-C6C5-477C-8D44-E6824B80AB2C}.Debug|Any CPU.Build.0 = Debug|Any CPU
		{0336D63B-C6C5-477C-8D44-E6824B80AB2C}.Release|Any CPU.ActiveCfg = Release|Any CPU
		{0336D63B-C6C5-477C-8D44-E6824B80AB2C}.Release|Any CPU.Build.0 = Release|Any CPU
		{1B1E521D-DF14-455B-A595-35A88F61F81C}.Debug|Any CPU.ActiveCfg = Debug|Any CPU
		{1B1E521D-DF14-455B-A595-35A88F61F81C}.Debug|Any CPU.Build.0 = Debug|Any CPU
		{1B1E521D-DF14-455B-A595-35A88F61F81C}.Release|Any CPU.ActiveCfg = Release|Any CPU
		{1B1E521D-DF14-455B-A595-35A88F61F81C}.Release|Any CPU.Build.0 = Release|Any CPU
		{A8FB52EE-83B3-47A7-AE3B-F5AF9CA2C214}.Debug|Any CPU.ActiveCfg = Debug|Any CPU
		{A8FB52EE-83B3-47A7-AE3B-F5AF9CA2C214}.Debug|Any CPU.Build.0 = Debug|Any CPU
		{A8FB52EE-83B3-47A7-AE3B-F5AF9CA2C214}.Release|Any CPU.ActiveCfg = Release|Any CPU
		{A8FB52EE-83B3-47A7-AE3B-F5AF9CA2C214}.Release|Any CPU.Build.0 = Release|Any CPU
		{661AD83F-00CF-4E8F-AAC6-0B780255DD25}.Debug|Any CPU.ActiveCfg = Debug|Any CPU
		{661AD83F-00CF-4E8F-AAC6-0B780255DD25}.Debug|Any CPU.Build.0 = Debug|Any CPU
		{661AD83F-00CF-4E8F-AAC6-0B780255DD25}.Release|Any CPU.ActiveCfg = Release|Any CPU
		{661AD83F-00CF-4E8F-AAC6-0B780255DD25}.Release|Any CPU.Build.0 = Release|Any CPU
		{B245CED0-2477-4589-9AA3-D3627D8A0412}.Debug|Any CPU.ActiveCfg = Debug|Any CPU
		{B245CED0-2477-4589-9AA3-D3627D8A0412}.Debug|Any CPU.Build.0 = Debug|Any CPU
		{B245CED0-2477-4589-9AA3-D3627D8A0412}.Release|Any CPU.ActiveCfg = Release|Any CPU
		{B245CED0-2477-4589-9AA3-D3627D8A0412}.Release|Any CPU.Build.0 = Release|Any CPU
		{2AA160C8-D11B-4C8F-9493-54A8DFBACFE6}.Debug|Any CPU.ActiveCfg = Debug|Any CPU
		{2AA160C8-D11B-4C8F-9493-54A8DFBACFE6}.Debug|Any CPU.Build.0 = Debug|Any CPU
		{2AA160C8-D11B-4C8F-9493-54A8DFBACFE6}.Release|Any CPU.ActiveCfg = Release|Any CPU
		{2AA160C8-D11B-4C8F-9493-54A8DFBACFE6}.Release|Any CPU.Build.0 = Release|Any CPU
		{25ECDE3F-87A9-2914-C305-DDF1CD1073AA}.Debug|Any CPU.ActiveCfg = Debug|Any CPU
		{25ECDE3F-87A9-2914-C305-DDF1CD1073AA}.Debug|Any CPU.Build.0 = Debug|Any CPU
		{25ECDE3F-87A9-2914-C305-DDF1CD1073AA}.Release|Any CPU.ActiveCfg = Release|Any CPU
		{25ECDE3F-87A9-2914-C305-DDF1CD1073AA}.Release|Any CPU.Build.0 = Release|Any CPU
		{74F2F6CC-B309-4829-AD5B-6230A97A8784}.Debug|Any CPU.ActiveCfg = Debug|Any CPU
		{74F2F6CC-B309-4829-AD5B-6230A97A8784}.Debug|Any CPU.Build.0 = Debug|Any CPU
		{74F2F6CC-B309-4829-AD5B-6230A97A8784}.Release|Any CPU.ActiveCfg = Release|Any CPU
		{74F2F6CC-B309-4829-AD5B-6230A97A8784}.Release|Any CPU.Build.0 = Release|Any CPU
	EndGlobalSection
	GlobalSection(SolutionProperties) = preSolution
		HideSolutionNode = FALSE
	EndGlobalSection
	GlobalSection(NestedProjects) = preSolution
		{CA336764-F725-4AB1-B220-6B3C08DB5AF8} = {02EA681E-C7D8-13C7-8484-4AC65E1B71E8}
		{74B8E58F-2B93-428B-ABC5-CC0B9AA0F221} = {02EA681E-C7D8-13C7-8484-4AC65E1B71E8}
		{DD90CEEA-8E90-4506-A621-F040FEA344F3} = {74B8E58F-2B93-428B-ABC5-CC0B9AA0F221}
		{0336D63B-C6C5-477C-8D44-E6824B80AB2C} = {74B8E58F-2B93-428B-ABC5-CC0B9AA0F221}
		{1B1E521D-DF14-455B-A595-35A88F61F81C} = {74B8E58F-2B93-428B-ABC5-CC0B9AA0F221}
		{A8FB52EE-83B3-47A7-AE3B-F5AF9CA2C214} = {74B8E58F-2B93-428B-ABC5-CC0B9AA0F221}
		{661AD83F-00CF-4E8F-AAC6-0B780255DD25} = {CA336764-F725-4AB1-B220-6B3C08DB5AF8}
		{B245CED0-2477-4589-9AA3-D3627D8A0412} = {CA336764-F725-4AB1-B220-6B3C08DB5AF8}
		{2AA160C8-D11B-4C8F-9493-54A8DFBACFE6} = {CA336764-F725-4AB1-B220-6B3C08DB5AF8}
		{25ECDE3F-87A9-2914-C305-DDF1CD1073AA} = {CA336764-F725-4AB1-B220-6B3C08DB5AF8}
		{74F2F6CC-B309-4829-AD5B-6230A97A8784} = {CA336764-F725-4AB1-B220-6B3C08DB5AF8}
	EndGlobalSection
	GlobalSection(ExtensibilityGlobals) = postSolution
		SolutionGuid = {400A287A-6709-45ED-8BD5-57825597A940}
	EndGlobalSection
EndGlobal
